// !$*UTF8*$!
{
	archiveVersion = 1;
	classes = {
	};
	objectVersion = 48;
	objects = {

/* Begin PBXBuildFile section */
		E5D125D41F17672200F95BA0 /* AppDelegate.swift in Sources */ = {isa = PBXBuildFile; fileRef = E5D125D31F17672200F95BA0 /* AppDelegate.swift */; };
		E5D125D81F17672200F95BA0 /* ViewController.swift in Sources */ = {isa = PBXBuildFile; fileRef = E5D125D71F17672200F95BA0 /* ViewController.swift */; };
		E5D125DB1F17672200F95BA0 /* Main.storyboard in Resources */ = {isa = PBXBuildFile; fileRef = E5D125D91F17672200F95BA0 /* Main.storyboard */; };
		E5D125DD1F17672200F95BA0 /* Assets.xcassets in Resources */ = {isa = PBXBuildFile; fileRef = E5D125DC1F17672200F95BA0 /* Assets.xcassets */; };
		E5D125E01F17672200F95BA0 /* LaunchScreen.storyboard in Resources */ = {isa = PBXBuildFile; fileRef = E5D125DE1F17672200F95BA0 /* LaunchScreen.storyboard */; };
		E5D125E81F17676B00F95BA0 /* Extensions.swift in Sources */ = {isa = PBXBuildFile; fileRef = E5D125E71F17676B00F95BA0 /* Extensions.swift */; };
/* End PBXBuildFile section */

/* Begin PBXFileReference section */
		E5D125D01F17672200F95BA0 /* ARSampleApp.app */ = {isa = PBXFileReference; explicitFileType = wrapper.application; includeInIndex = 0; path = ARSampleApp.app; sourceTree = BUILT_PRODUCTS_DIR; };
		E5D125D31F17672200F95BA0 /* AppDelegate.swift */ = {isa = PBXFileReference; lastKnownFileType = sourcecode.swift; path = AppDelegate.swift; sourceTree = "<group>"; };
		E5D125D71F17672200F95BA0 /* ViewController.swift */ = {isa = PBXFileReference; lastKnownFileType = sourcecode.swift; path = ViewController.swift; sourceTree = "<group>"; };
		E5D125DA1F17672200F95BA0 /* Base */ = {isa = PBXFileReference; lastKnownFileType = file.storyboard; name = Base; path = Base.lproj/Main.storyboard; sourceTree = "<group>"; };
		E5D125DC1F17672200F95BA0 /* Assets.xcassets */ = {isa = PBXFileReference; lastKnownFileType = folder.assetcatalog; path = Assets.xcassets; sourceTree = "<group>"; };
		E5D125DF1F17672200F95BA0 /* Base */ = {isa = PBXFileReference; lastKnownFileType = file.storyboard; name = Base; path = Base.lproj/LaunchScreen.storyboard; sourceTree = "<group>"; };
		E5D125E11F17672200F95BA0 /* Info.plist */ = {isa = PBXFileReference; lastKnownFileType = text.plist.xml; path = Info.plist; sourceTree = "<group>"; };
		E5D125E71F17676B00F95BA0 /* Extensions.swift */ = {isa = PBXFileReference; lastKnownFileType = sourcecode.swift; path = Extensions.swift; sourceTree = "<group>"; };
/* End PBXFileReference section */

/* Begin PBXFrameworksBuildPhase section */
		E5D125CD1F17672200F95BA0 /* Frameworks */ = {
			isa = PBXFrameworksBuildPhase;
			buildActionMask = 2147483647;
			files = (
			);
			runOnlyForDeploymentPostprocessing = 0;
		};
/* End PBXFrameworksBuildPhase section */

/* Begin PBXGroup section */
		E5D125C71F17672200F95BA0 = {
			isa = PBXGroup;
			children = (
				E5D125D21F17672200F95BA0 /* ARSampleApp */,
				E5D125D11F17672200F95BA0 /* Products */,
			);
			sourceTree = "<group>";
		};
		E5D125D11F17672200F95BA0 /* Products */ = {
			isa = PBXGroup;
			children = (
				E5D125D01F17672200F95BA0 /* ARSampleApp.app */,
			);
			name = Products;
			sourceTree = "<group>";
		};
		E5D125D21F17672200F95BA0 /* ARSampleApp */ = {
			isa = PBXGroup;
			children = (
				E5D125D31F17672200F95BA0 /* AppDelegate.swift */,
				E5D125D71F17672200F95BA0 /* ViewController.swift */,
				E5D125E71F17676B00F95BA0 /* Extensions.swift */,
				E5D125D91F17672200F95BA0 /* Main.storyboard */,
				E5D125DC1F17672200F95BA0 /* Assets.xcassets */,
				E5D125DE1F17672200F95BA0 /* LaunchScreen.storyboard */,
				E5D125E11F17672200F95BA0 /* Info.plist */,
			);
			path = ARSampleApp;
			sourceTree = "<group>";
		};
/* End PBXGroup section */

/* Begin PBXNativeTarget section */
		E5D125CF1F17672200F95BA0 /* ARSampleApp */ = {
			isa = PBXNativeTarget;
			buildConfigurationList = E5D125E41F17672200F95BA0 /* Build configuration list for PBXNativeTarget "ARSampleApp" */;
			buildPhases = (
				E5D125CC1F17672200F95BA0 /* Sources */,
				E5D125CD1F17672200F95BA0 /* Frameworks */,
				E5D125CE1F17672200F95BA0 /* Resources */,
			);
			buildRules = (
			);
			dependencies = (
			);
			name = ARSampleApp;
			productName = ARSampleApp;
			productReference = E5D125D01F17672200F95BA0 /* ARSampleApp.app */;
			productType = "com.apple.product-type.application";
		};
/* End PBXNativeTarget section */

/* Begin PBXProject section */
		E5D125C81F17672200F95BA0 /* Project object */ = {
			isa = PBXProject;
			attributes = {
				LastSwiftUpdateCheck = 0900;
				LastUpgradeCheck = 0920;
				ORGANIZATIONNAME = "Droids On Roids";
				TargetAttributes = {
					E5D125CF1F17672200F95BA0 = {
						CreatedOnToolsVersion = 9.0;
					};
				};
			};
			buildConfigurationList = E5D125CB1F17672200F95BA0 /* Build configuration list for PBXProject "ARSampleApp" */;
			compatibilityVersion = "Xcode 8.0";
			developmentRegion = en;
			hasScannedForEncodings = 0;
			knownRegions = (
				en,
				Base,
			);
			mainGroup = E5D125C71F17672200F95BA0;
			productRefGroup = E5D125D11F17672200F95BA0 /* Products */;
			projectDirPath = "";
			projectRoot = "";
			targets = (
				E5D125CF1F17672200F95BA0 /* ARSampleApp */,
			);
		};
/* End PBXProject section */

/* Begin PBXResourcesBuildPhase section */
		E5D125CE1F17672200F95BA0 /* Resources */ = {
			isa = PBXResourcesBuildPhase;
			buildActionMask = 2147483647;
			files = (
				E5D125E01F17672200F95BA0 /* LaunchScreen.storyboard in Resources */,
				E5D125DD1F17672200F95BA0 /* Assets.xcassets in Resources */,
				E5D125DB1F17672200F95BA0 /* Main.storyboard in Resources */,
			);
			runOnlyForDeploymentPostprocessing = 0;
		};
/* End PBXResourcesBuildPhase section */

/* Begin PBXSourcesBuildPhase section */
		E5D125CC1F17672200F95BA0 /* Sources */ = {
			isa = PBXSourcesBuildPhase;
			buildActionMask = 2147483647;
			files = (
				E5D125D81F17672200F95BA0 /* ViewController.swift in Sources */,
				E5D125E81F17676B00F95BA0 /* Extensions.swift in Sources */,
				E5D125D41F17672200F95BA0 /* AppDelegate.swift in Sources */,
			);
			runOnlyForDeploymentPostprocessing = 0;
		};
/* End PBXSourcesBuildPhase section */

/* Begin PBXVariantGroup section */
		E5D125D91F17672200F95BA0 /* Main.storyboard */ = {
			isa = PBXVariantGroup;
			children = (
				E5D125DA1F17672200F95BA0 /* Base */,
			);
			name = Main.storyboard;
			sourceTree = "<group>";
		};
		E5D125DE1F17672200F95BA0 /* LaunchScreen.storyboard */ = {
			isa = PBXVariantGroup;
			children = (
				E5D125DF1F17672200F95BA0 /* Base */,
			);
			name = LaunchScreen.storyboard;
			sourceTree = "<group>";
		};
/* End PBXVariantGroup section */

/* Begin XCBuildConfiguration section */
		E5D125E21F17672200F95BA0 /* Debug */ = {
			isa = XCBuildConfiguration;
			buildSettings = {
				ALWAYS_SEARCH_USER_PATHS = NO;
				CLANG_ANALYZER_NONNULL = YES;
				CLANG_ANALYZER_NUMBER_OBJECT_CONVERSION = YES_AGGRESSIVE;
				CLANG_CXX_LANGUAGE_STANDARD = "gnu++14";
				CLANG_CXX_LIBRARY = "libc++";
				CLANG_ENABLE_MODULES = YES;
				CLANG_ENABLE_OBJC_ARC = YES;
				CLANG_WARN_BLOCK_CAPTURE_AUTORELEASING = YES;
				CLANG_WARN_BOOL_CONVERSION = YES;
				CLANG_WARN_COMMA = YES;
				CLANG_WARN_CONSTANT_CONVERSION = YES;
				CLANG_WARN_DIRECT_OBJC_ISA_USAGE = YES_ERROR;
				CLANG_WARN_DOCUMENTATION_COMMENTS = YES;
				CLANG_WARN_EMPTY_BODY = YES;
				CLANG_WARN_ENUM_CONVERSION = YES;
				CLANG_WARN_INFINITE_RECURSION = YES;
				CLANG_WARN_INT_CONVERSION = YES;
				CLANG_WARN_NON_LITERAL_NULL_CONVERSION = YES;
				CLANG_WARN_OBJC_LITERAL_CONVERSION = YES;
				CLANG_WARN_OBJC_ROOT_CLASS = YES_ERROR;
				CLANG_WARN_RANGE_LOOP_ANALYSIS = YES;
				CLANG_WARN_STRICT_PROTOTYPES = YES;
				CLANG_WARN_SUSPICIOUS_MOVE = YES;
				CLANG_WARN_UNGUARDED_AVAILABILITY = YES_AGGRESSIVE;
				CLANG_WARN_UNREACHABLE_CODE = YES;
				CLANG_WARN__DUPLICATE_METHOD_MATCH = YES;
				CODE_SIGN_IDENTITY = "iPhone Developer";
				COPY_PHASE_STRIP = NO;
				DEBUG_INFORMATION_FORMAT = dwarf;
				ENABLE_STRICT_OBJC_MSGSEND = YES;
				ENABLE_TESTABILITY = YES;
				GCC_C_LANGUAGE_STANDARD = gnu11;
				GCC_DYNAMIC_NO_PIC = NO;
				GCC_NO_COMMON_BLOCKS = YES;
				GCC_OPTIMIZATION_LEVEL = 0;
				GCC_PREPROCESSOR_DEFINITIONS = (
					"DEBUG=1",
					"$(inherited)",
				);
				GCC_WARN_64_TO_32_BIT_CONVERSION = YES;
				GCC_WARN_ABOUT_RETURN_TYPE = YES_ERROR;
				GCC_WARN_UNDECLARED_SELECTOR = YES;
				GCC_WARN_UNINITIALIZED_AUTOS = YES_AGGRESSIVE;
				GCC_WARN_UNUSED_FUNCTION = YES;
				GCC_WARN_UNUSED_VARIABLE = YES;
				IPHONEOS_DEPLOYMENT_TARGET = 11.0;
				MTL_ENABLE_DEBUG_INFO = YES;
				ONLY_ACTIVE_ARCH = YES;
				SDKROOT = iphoneos;
				SWIFT_ACTIVE_COMPILATION_CONDITIONS = DEBUG;
				SWIFT_OPTIMIZATION_LEVEL = "-Onone";
			};
			name = Debug;
		};
		E5D125E31F17672200F95BA0 /* Release */ = {
			isa = XCBuildConfiguration;
			buildSettings = {
				ALWAYS_SEARCH_USER_PATHS = NO;
				CLANG_ANALYZER_NONNULL = YES;
				CLANG_ANALYZER_NUMBER_OBJECT_CONVERSION = YES_AGGRESSIVE;
				CLANG_CXX_LANGUAGE_STANDARD = "gnu++14";
				CLANG_CXX_LIBRARY = "libc++";
				CLANG_ENABLE_MODULES = YES;
				CLANG_ENABLE_OBJC_ARC = YES;
				CLANG_WARN_BLOCK_CAPTURE_AUTORELEASING = YES;
				CLANG_WARN_BOOL_CONVERSION = YES;
				CLANG_WARN_COMMA = YES;
				CLANG_WARN_CONSTANT_CONVERSION = YES;
				CLANG_WARN_DIRECT_OBJC_ISA_USAGE = YES_ERROR;
				CLANG_WARN_DOCUMENTATION_COMMENTS = YES;
				CLANG_WARN_EMPTY_BODY = YES;
				CLANG_WARN_ENUM_CONVERSION = YES;
				CLANG_WARN_INFINITE_RECURSION = YES;
				CLANG_WARN_INT_CONVERSION = YES;
				CLANG_WARN_NON_LITERAL_NULL_CONVERSION = YES;
				CLANG_WARN_OBJC_LITERAL_CONVERSION = YES;
				CLANG_WARN_OBJC_ROOT_CLASS = YES_ERROR;
				CLANG_WARN_RANGE_LOOP_ANALYSIS = YES;
				CLANG_WARN_STRICT_PROTOTYPES = YES;
				CLANG_WARN_SUSPICIOUS_MOVE = YES;
				CLANG_WARN_UNGUARDED_AVAILABILITY = YES_AGGRESSIVE;
				CLANG_WARN_UNREACHABLE_CODE = YES;
				CLANG_WARN__DUPLICATE_METHOD_MATCH = YES;
				CODE_SIGN_IDENTITY = "iPhone Developer";
				COPY_PHASE_STRIP = NO;
				DEBUG_INFORMATION_FORMAT = "dwarf-with-dsym";
				ENABLE_NS_ASSERTIONS = NO;
				ENABLE_STRICT_OBJC_MSGSEND = YES;
				GCC_C_LANGUAGE_STANDARD = gnu11;
				GCC_NO_COMMON_BLOCKS = YES;
				GCC_WARN_64_TO_32_BIT_CONVERSION = YES;
				GCC_WARN_ABOUT_RETURN_TYPE = YES_ERROR;
				GCC_WARN_UNDECLARED_SELECTOR = YES;
				GCC_WARN_UNINITIALIZED_AUTOS = YES_AGGRESSIVE;
				GCC_WARN_UNUSED_FUNCTION = YES;
				GCC_WARN_UNUSED_VARIABLE = YES;
				IPHONEOS_DEPLOYMENT_TARGET = 11.0;
				MTL_ENABLE_DEBUG_INFO = NO;
				SDKROOT = iphoneos;
				SWIFT_OPTIMIZATION_LEVEL = "-Owholemodule";
				VALIDATE_PRODUCT = YES;
			};
			name = Release;
		};
		E5D125E51F17672200F95BA0 /* Debug */ = {
			isa = XCBuildConfiguration;
			buildSettings = {
				ASSETCATALOG_COMPILER_APPICON_NAME = AppIcon;
				DEVELOPMENT_TEAM = URYNPG7RQE;
				INFOPLIST_FILE = ARSampleApp/Info.plist;
				LD_RUNPATH_SEARCH_PATHS = "$(inherited) @executable_path/Frameworks";
				PRODUCT_BUNDLE_IDENTIFIER = com.droidsonroids.ARSampleApp;
				PRODUCT_NAME = "$(TARGET_NAME)";
				SWIFT_VERSION = 4.0;
				TARGETED_DEVICE_FAMILY = "1,2";
			};
			name = Debug;
		};
		E5D125E61F17672200F95BA0 /* Release */ = {
			isa = XCBuildConfiguration;
			buildSettings = {
				ASSETCATALOG_COMPILER_APPICON_NAME = AppIcon;
				DEVELOPMENT_TEAM = URYNPG7RQE;
				INFOPLIST_FILE = ARSampleApp/Info.plist;
				LD_RUNPATH_SEARCH_PATHS = "$(inherited) @executable_path/Frameworks";
				PRODUCT_BUNDLE_IDENTIFIER = com.droidsonroids.ARSampleApp;
				PRODUCT_NAME = "$(TARGET_NAME)";
				SWIFT_VERSION = 4.0;
				TARGETED_DEVICE_FAMILY = "1,2";
			};
			name = Release;
		};
/* End XCBuildConfiguration section */

/* Begin XCConfigurationList section */
		E5D125CB1F17672200F95BA0 /* Build configuration list for PBXProject "ARSampleApp" */ = {
			isa = XCConfigurationList;
			buildConfigurations = (
				E5D125E21F17672200F95BA0 /* Debug */,
				E5D125E31F17672200F95BA0 /* Release */,
			);
			defaultConfigurationIsVisible = 0;
			defaultConfigurationName = Release;
		};
		E5D125E41F17672200F95BA0 /* Build configuration list for PBXNativeTarget "ARSampleApp" */ = {
			isa = XCConfigurationList;
			buildConfigurations = (
				E5D125E51F17672200F95BA0 /* Debug */,
				E5D125E61F17672200F95BA0 /* Release */,
			);
			defaultConfigurationIsVisible = 0;
			defaultConfigurationName = Release;
		};
/* End XCConfigurationList section */
	};
	rootObject = E5D125C81F17672200F95BA0 /* Project object */;
}
